
Microsoft Visual Studio Solution File, Format Version 12.00
# Visual Studio Version 17
VisualStudioVersion = 17.11.35312.102
MinimumVisualStudioVersion = 10.0.40219.1
Project("{FAE04EC0-301F-11D3-BF4B-00C04F79EFBC}") = "Examen05Api", "Examen05Api\Examen05Api.csproj", "{FA2D8AE8-C86C-437C-8BA9-1C715DA92C3B}"
EndProject
Global
	GlobalSection(SolutionConfigurationPlatforms) = preSolution
		Debug|Any CPU = Debug|Any CPU
		Release|Any CPU = Release|Any CPU
	EndGlobalSection
	GlobalSection(ProjectConfigurationPlatforms) = postSolution
		{FA2D8AE8-C86C-437C-8BA9-1C715DA92C3B}.Debug|Any CPU.ActiveCfg = Debug|Any CPU
		{FA2D8AE8-C86C-437C-8BA9-1C715DA92C3B}.Debug|Any CPU.Build.0 = Debug|Any CPU
		{FA2D8AE8-C86C-437C-8BA9-1C715DA92C3B}.Release|Any CPU.ActiveCfg = Release|Any CPU
		{FA2D8AE8-C86C-437C-8BA9-1C715DA92C3B}.Release|Any CPU.Build.0 = Release|Any CPU
	EndGlobalSection
	GlobalSection(SolutionProperties) = preSolution
		HideSolutionNode = FALSE
	EndGlobalSection
	GlobalSection(ExtensibilityGlobals) = postSolution
		SolutionGuid = {93494F52-CB39-41E0-9917-35AD325DBE56}
	EndGlobalSection
EndGlobal
